
Microsoft Visual Studio Solution File, Format Version 12.00
# Visual Studio Version 16
VisualStudioVersion = 16.0.30804.86
MinimumVisualStudioVersion = 10.0.40219.1
Project("{FAE04EC0-301F-11D3-BF4B-00C04F79EFBC}") = "Pokerface.RazorApp", "Pokerface.RazorApp\Pokerface.RazorApp.csproj", "{9674C84E-64CF-4BB8-9D31-70C0841F27E4}"
EndProject
Global
	GlobalSection(SolutionConfigurationPlatforms) = preSolution
		Debug|Any CPU = Debug|Any CPU
		Release|Any CPU = Release|Any CPU
	EndGlobalSection
	GlobalSection(ProjectConfigurationPlatforms) = postSolution
		{9674C84E-64CF-4BB8-9D31-70C0841F27E4}.Debug|Any CPU.ActiveCfg = Debug|Any CPU
		{9674C84E-64CF-4BB8-9D31-70C0841F27E4}.Debug|Any CPU.Build.0 = Debug|Any CPU
		{9674C84E-64CF-4BB8-9D31-70C0841F27E4}.Release|Any CPU.ActiveCfg = Release|Any CPU
		{9674C84E-64CF-4BB8-9D31-70C0841F27E4}.Release|Any CPU.Build.0 = Release|Any CPU
	EndGlobalSection
	GlobalSection(SolutionProperties) = preSolution
		HideSolutionNode = FALSE
	EndGlobalSection
	GlobalSection(ExtensibilityGlobals) = postSolution
		SolutionGuid = {CB889D7E-5775-4057-A44B-3DBF2A986547}
	EndGlobalSection
EndGlobal
